<?xml version="1.0" encoding="utf-8"?>
<Project ToolsVersion="4.0" xmlns="http://schemas.microsoft.com/developer/msbuild/2003">
  <ItemGroup>
    <Filter Include="Source Files">
      <UniqueIdentifier>{4FC737F1-C7A5-4376-A066-2A32D752A2FF}</UniqueIdentifier>
      <Extensions>cpp;c;cc;cxx;c++;cppm;ixx;def;odl;idl;hpj;bat;asm;asmx</Extensions>
    </Filter>
    <Filter Include="Header Files">
      <UniqueIdentifier>{93995380-89BD-4b04-88EB-625FBE52EBFB}</UniqueIdentifier>
      <Extensions>h;hh;hpp;hxx;h++;hm;inl;inc;ipp;xsd</Extensions>
    </Filter>
    <Filter Include="Resource Files">
      <UniqueIdentifier>{67DA6AB6-F800-4c08-8B7A-83BB121AAD01}</UniqueIdentifier>
      <Extensions>rc;ico;cur;bmp;dlg;rc2;rct;bin;rgs;gif;jpg;jpeg;jpe;resx;tiff;tif;png;wav;mfcribbon-ms</Extensions>
    </Filter>
    <Filter Include="Source Files\vendors">
      <UniqueIdentifier>{a3e9a7d2-b9bc-4d02-81e1-21e2cc3f0538}</UniqueIdentifier>
    </Filter>
    <Filter Include="Header Files\vendors">
      <UniqueIdentifier>{ad1122c9-83f1-4044-8877-658ef202112d}</UniqueIdentifier>
    </Filter>
  </ItemGroup>
  <ItemGroup>
    <ClInclude Include="framework.h">
      <Filter>Header Files</Filter>
    </ClInclude>
    <ClInclude Include="pch.h">
      <Filter>Header Files</Filter>
    </ClInclude>
    <ClInclude Include="byte_pattern.h">
      <Filter>Header Files\vendors</Filter>
    </ClInclude>
    <ClInclude Include="injector.hpp">
      <Filter>Header Files\vendors</Filter>
    </ClInclude>
    <ClInclude Include="assembly.hpp">
      <Filter>Header Files\vendors</Filter>
    </ClInclude>
    <ClInclude Include="BlenderPatcher.h">
      <Filter>Header Files</Filter>
    </ClInclude>
    <ClInclude Include="BlenderObj.h">
      <Filter>Header Files</Filter>
    </ClInclude>
    <ClInclude Include="BlenderPatch.h">
      <Filter>Header Files</Filter>
    </ClInclude>
    <ClInclude Include="strings.h">
      <Filter>Header Files</Filter>
    </ClInclude>
    <ClInclude Include="extern.h">
      <Filter>Header Files</Filter>
    </ClInclude>
  </ItemGroup>
  <ItemGroup>
    <ClCompile Include="dllmain.cpp">
      <Filter>Source Files</Filter>
    </ClCompile>
    <ClCompile Include="pch.cpp">
      <Filter>Source Files</Filter>
    </ClCompile>
    <ClCompile Include="byte_pattern.cpp">
      <Filter>Source Files</Filter>
    </ClCompile>
    <ClCompile Include="BlenderPatcher.cpp">
      <Filter>Source Files</Filter>
    </ClCompile>
    <ClCompile Include="BlenderPatch.cpp">
      <Filter>Source Files</Filter>
    </ClCompile>
    <ClCompile Include="extern.cpp">
      <Filter>Source Files</Filter>
    </ClCompile>
  </ItemGroup>
  <ItemGroup>
    <MASM Include="Injections.asm">
      <Filter>Source Files</Filter>
    </MASM>
  </ItemGroup>
</Project>