
Microsoft Visual Studio Solution File, Format Version 12.00
# Visual Studio Version 17
VisualStudioVersion = 17.1.32414.318
MinimumVisualStudioVersion = 10.0.40219.1
Project("{8BC9CEB8-8B4A-11D0-8D11-00A0C91BC942}") = "blender-hook", "blender-hook\blender-hook.vcxproj", "{FBB48BA2-7065-4509-A14D-DFDA2CB6593F}"
EndProject
Project("{8BC9CEB8-8B4A-11D0-8D11-00A0C91BC942}") = "blender-injection", "blender-injection\blender-injection.vcxproj", "{FB47F8C7-76DB-49C6-B9FF-B22D9D0B89F5}"
EndProject
Project("{9A19103F-16F7-4668-BE54-9A1E7A4F7556}") = "blender-launcher", "blender-launcher\blender-launcher.csproj", "{7125B3EA-9B9A-4C29-9BB1-F7CBC3521E12}"
EndProject
Project("{9A19103F-16F7-4668-BE54-9A1E7A4F7556}") = "blender-launcher-ui", "blender-launcher-ui\blender-launcher-ui.csproj", "{A6BA58BB-F0A2-4DBC-B0D1-7A489EF38DB3}"
EndProject
Global
	GlobalSection(SolutionConfigurationPlatforms) = preSolution
		Blender 3.1.0|Any CPU = Blender 3.1.0|Any CPU
		Blender 3.1.0|x64 = Blender 3.1.0|x64
		Blender 3.1.0|x86 = Blender 3.1.0|x86
		Blender 3.1.1|Any CPU = Blender 3.1.1|Any CPU
		Blender 3.1.1|x64 = Blender 3.1.1|x64
		Blender 3.1.1|x86 = Blender 3.1.1|x86
		Blender 3.1.2|Any CPU = Blender 3.1.2|Any CPU
		Blender 3.1.2|x64 = Blender 3.1.2|x64
		Blender 3.1.2|x86 = Blender 3.1.2|x86
		Blender 3.2.0|Any CPU = Blender 3.2.0|Any CPU
		Blender 3.2.0|x64 = Blender 3.2.0|x64
		Blender 3.2.0|x86 = Blender 3.2.0|x86
		Debug|Any CPU = Debug|Any CPU
		Debug|x64 = Debug|x64
		Debug|x86 = Debug|x86
		Release|Any CPU = Release|Any CPU
		Release|x64 = Release|x64
		Release|x86 = Release|x86
	EndGlobalSection
	GlobalSection(ProjectConfigurationPlatforms) = postSolution
		{FBB48BA2-7065-4509-A14D-DFDA2CB6593F}.Blender 3.1.0|Any CPU.ActiveCfg = Blender 3.1.0|x64
		{FBB48BA2-7065-4509-A14D-DFDA2CB6593F}.Blender 3.1.0|Any CPU.Build.0 = Blender 3.1.0|x64
		{FBB48BA2-7065-4509-A14D-DFDA2CB6593F}.Blender 3.1.0|x64.ActiveCfg = Blender 3.1.0|x64
		{FBB48BA2-7065-4509-A14D-DFDA2CB6593F}.Blender 3.1.0|x64.Build.0 = Blender 3.1.0|x64
		{FBB48BA2-7065-4509-A14D-DFDA2CB6593F}.Blender 3.1.0|x86.ActiveCfg = Blender 3.1.0|Win32
		{FBB48BA2-7065-4509-A14D-DFDA2CB6593F}.Blender 3.1.0|x86.Build.0 = Blender 3.1.0|Win32
		{FBB48BA2-7065-4509-A14D-DFDA2CB6593F}.Blender 3.1.1|Any CPU.ActiveCfg = Blender 3.1.1|x64
		{FBB48BA2-7065-4509-A14D-DFDA2CB6593F}.Blender 3.1.1|Any CPU.Build.0 = Blender 3.1.1|x64
		{FBB48BA2-7065-4509-A14D-DFDA2CB6593F}.Blender 3.1.1|x64.ActiveCfg = Blender 3.1.1|x64
		{FBB48BA2-7065-4509-A14D-DFDA2CB6593F}.Blender 3.1.1|x64.Build.0 = Blender 3.1.1|x64
		{FBB48BA2-7065-4509-A14D-DFDA2CB6593F}.Blender 3.1.1|x86.ActiveCfg = Blender 3.1.1|Win32
		{FBB48BA2-7065-4509-A14D-DFDA2CB6593F}.Blender 3.1.1|x86.Build.0 = Blender 3.1.1|Win32
		{FBB48BA2-7065-4509-A14D-DFDA2CB6593F}.Blender 3.1.2|Any CPU.ActiveCfg = Blender 3.1.2|x64
		{FBB48BA2-7065-4509-A14D-DFDA2CB6593F}.Blender 3.1.2|Any CPU.Build.0 = Blender 3.1.2|x64
		{FBB48BA2-7065-4509-A14D-DFDA2CB6593F}.Blender 3.1.2|x64.ActiveCfg = Blender 3.1.2|x64
		{FBB48BA2-7065-4509-A14D-DFDA2CB6593F}.Blender 3.1.2|x64.Build.0 = Blender 3.1.2|x64
		{FBB48BA2-7065-4509-A14D-DFDA2CB6593F}.Blender 3.1.2|x86.ActiveCfg = Blender 3.1.2|Win32
		{FBB48BA2-7065-4509-A14D-DFDA2CB6593F}.Blender 3.1.2|x86.Build.0 = Blender 3.1.2|Win32
		{FBB48BA2-7065-4509-A14D-DFDA2CB6593F}.Blender 3.2.0|Any CPU.ActiveCfg = Blender 3.2.0|x64
		{FBB48BA2-7065-4509-A14D-DFDA2CB6593F}.Blender 3.2.0|Any CPU.Build.0 = Blender 3.2.0|x64
		{FBB48BA2-7065-4509-A14D-DFDA2CB6593F}.Blender 3.2.0|x64.ActiveCfg = Blender 3.2.0|x64
		{FBB48BA2-7065-4509-A14D-DFDA2CB6593F}.Blender 3.2.0|x64.Build.0 = Blender 3.2.0|x64
		{FBB48BA2-7065-4509-A14D-DFDA2CB6593F}.Blender 3.2.0|x86.ActiveCfg = Blender 3.2.0|Win32
		{FBB48BA2-7065-4509-A14D-DFDA2CB6593F}.Blender 3.2.0|x86.Build.0 = Blender 3.2.0|Win32
		{FBB48BA2-7065-4509-A14D-DFDA2CB6593F}.Debug|Any CPU.ActiveCfg = Debug|x64
		{FBB48BA2-7065-4509-A14D-DFDA2CB6593F}.Debug|Any CPU.Build.0 = Debug|x64
		{FBB48BA2-7065-4509-A14D-DFDA2CB6593F}.Debug|x64.ActiveCfg = Debug|x64
		{FBB48BA2-7065-4509-A14D-DFDA2CB6593F}.Debug|x64.Build.0 = Debug|x64
		{FBB48BA2-7065-4509-A14D-DFDA2CB6593F}.Debug|x86.ActiveCfg = Debug|Win32
		{FBB48BA2-7065-4509-A14D-DFDA2CB6593F}.Debug|x86.Build.0 = Debug|Win32
		{FBB48BA2-7065-4509-A14D-DFDA2CB6593F}.Release|Any CPU.ActiveCfg = Release|x64
		{FBB48BA2-7065-4509-A14D-DFDA2CB6593F}.Release|Any CPU.Build.0 = Release|x64
		{FBB48BA2-7065-4509-A14D-DFDA2CB6593F}.Release|x64.ActiveCfg = Release|x64
		{FBB48BA2-7065-4509-A14D-DFDA2CB6593F}.Release|x64.Build.0 = Release|x64
		{FBB48BA2-7065-4509-A14D-DFDA2CB6593F}.Release|x86.ActiveCfg = Release|Win32
		{FBB48BA2-7065-4509-A14D-DFDA2CB6593F}.Release|x86.Build.0 = Release|Win32
		{FB47F8C7-76DB-49C6-B9FF-B22D9D0B89F5}.Blender 3.1.0|Any CPU.ActiveCfg = Blender 3.1.0|x64
		{FB47F8C7-76DB-49C6-B9FF-B22D9D0B89F5}.Blender 3.1.0|Any CPU.Build.0 = Blender 3.1.0|x64
		{FB47F8C7-76DB-49C6-B9FF-B22D9D0B89F5}.Blender 3.1.0|x64.ActiveCfg = Blender 3.1.0|x64
		{FB47F8C7-76DB-49C6-B9FF-B22D9D0B89F5}.Blender 3.1.0|x64.Build.0 = Blender 3.1.0|x64
		{FB47F8C7-76DB-49C6-B9FF-B22D9D0B89F5}.Blender 3.1.0|x86.ActiveCfg = Blender 3.1.0|Win32
		{FB47F8C7-76DB-49C6-B9FF-B22D9D0B89F5}.Blender 3.1.0|x86.Build.0 = Blender 3.1.0|Win32
		{FB47F8C7-76DB-49C6-B9FF-B22D9D0B89F5}.Blender 3.1.1|Any CPU.ActiveCfg = Blender 3.1.1|x64
		{FB47F8C7-76DB-49C6-B9FF-B22D9D0B89F5}.Blender 3.1.1|Any CPU.Build.0 = Blender 3.1.1|x64
		{FB47F8C7-76DB-49C6-B9FF-B22D9D0B89F5}.Blender 3.1.1|x64.ActiveCfg = Blender 3.1.1|x64
		{FB47F8C7-76DB-49C6-B9FF-B22D9D0B89F5}.Blender 3.1.1|x64.Build.0 = Blender 3.1.1|x64
		{FB47F8C7-76DB-49C6-B9FF-B22D9D0B89F5}.Blender 3.1.1|x86.ActiveCfg = Blender 3.1.1|Win32
		{FB47F8C7-76DB-49C6-B9FF-B22D9D0B89F5}.Blender 3.1.1|x86.Build.0 = Blender 3.1.1|Win32
		{FB47F8C7-76DB-49C6-B9FF-B22D9D0B89F5}.Blender 3.1.2|Any CPU.ActiveCfg = Blender 3.1.2|x64
		{FB47F8C7-76DB-49C6-B9FF-B22D9D0B89F5}.Blender 3.1.2|Any CPU.Build.0 = Blender 3.1.2|x64
		{FB47F8C7-76DB-49C6-B9FF-B22D9D0B89F5}.Blender 3.1.2|x64.ActiveCfg = Blender 3.1.2|x64
		{FB47F8C7-76DB-49C6-B9FF-B22D9D0B89F5}.Blender 3.1.2|x64.Build.0 = Blender 3.1.2|x64
		{FB47F8C7-76DB-49C6-B9FF-B22D9D0B89F5}.Blender 3.1.2|x86.ActiveCfg = Blender 3.1.2|Win32
		{FB47F8C7-76DB-49C6-B9FF-B22D9D0B89F5}.Blender 3.1.2|x86.Build.0 = Blender 3.1.2|Win32
		{FB47F8C7-76DB-49C6-B9FF-B22D9D0B89F5}.Blender 3.2.0|Any CPU.ActiveCfg = Blender 3.2.0|x64
		{FB47F8C7-76DB-49C6-B9FF-B22D9D0B89F5}.Blender 3.2.0|Any CPU.Build.0 = Blender 3.2.0|x64
		{FB47F8C7-76DB-49C6-B9FF-B22D9D0B89F5}.Blender 3.2.0|x64.ActiveCfg = Blender 3.2.0|x64
		{FB47F8C7-76DB-49C6-B9FF-B22D9D0B89F5}.Blender 3.2.0|x64.Build.0 = Blender 3.2.0|x64
		{FB47F8C7-76DB-49C6-B9FF-B22D9D0B89F5}.Blender 3.2.0|x86.ActiveCfg = Blender 3.2.0|Win32
		{FB47F8C7-76DB-49C6-B9FF-B22D9D0B89F5}.Blender 3.2.0|x86.Build.0 = Blender 3.2.0|Win32
		{FB47F8C7-76DB-49C6-B9FF-B22D9D0B89F5}.Debug|Any CPU.ActiveCfg = Debug|x64
		{FB47F8C7-76DB-49C6-B9FF-B22D9D0B89F5}.Debug|Any CPU.Build.0 = Debug|x64
		{FB47F8C7-76DB-49C6-B9FF-B22D9D0B89F5}.Debug|x64.ActiveCfg = Debug|x64
		{FB47F8C7-76DB-49C6-B9FF-B22D9D0B89F5}.Debug|x64.Build.0 = Debug|x64
		{FB47F8C7-76DB-49C6-B9FF-B22D9D0B89F5}.Debug|x86.ActiveCfg = Debug|Win32
		{FB47F8C7-76DB-49C6-B9FF-B22D9D0B89F5}.Debug|x86.Build.0 = Debug|Win32
		{FB47F8C7-76DB-49C6-B9FF-B22D9D0B89F5}.Release|Any CPU.ActiveCfg = Release|x64
		{FB47F8C7-76DB-49C6-B9FF-B22D9D0B89F5}.Release|Any CPU.Build.0 = Release|x64
		{FB47F8C7-76DB-49C6-B9FF-B22D9D0B89F5}.Release|x64.ActiveCfg = Release|x64
		{FB47F8C7-76DB-49C6-B9FF-B22D9D0B89F5}.Release|x64.Build.0 = Release|x64
		{FB47F8C7-76DB-49C6-B9FF-B22D9D0B89F5}.Release|x86.ActiveCfg = Release|Win32
		{FB47F8C7-76DB-49C6-B9FF-B22D9D0B89F5}.Release|x86.Build.0 = Release|Win32
		{7125B3EA-9B9A-4C29-9BB1-F7CBC3521E12}.Blender 3.1.0|Any CPU.ActiveCfg = Blender 3.1.0|Any CPU
		{7125B3EA-9B9A-4C29-9BB1-F7CBC3521E12}.Blender 3.1.0|Any CPU.Build.0 = Blender 3.1.0|Any CPU
		{7125B3EA-9B9A-4C29-9BB1-F7CBC3521E12}.Blender 3.1.0|x64.ActiveCfg = Blender 3.1.0|Any CPU
		{7125B3EA-9B9A-4C29-9BB1-F7CBC3521E12}.Blender 3.1.0|x64.Build.0 = Blender 3.1.0|Any CPU
		{7125B3EA-9B9A-4C29-9BB1-F7CBC3521E12}.Blender 3.1.0|x86.ActiveCfg = Blender 3.1.0|Any CPU
		{7125B3EA-9B9A-4C29-9BB1-F7CBC3521E12}.Blender 3.1.0|x86.Build.0 = Blender 3.1.0|Any CPU
		{7125B3EA-9B9A-4C29-9BB1-F7CBC3521E12}.Blender 3.1.1|Any CPU.ActiveCfg = Blender 3.1.1|Any CPU
		{7125B3EA-9B9A-4C29-9BB1-F7CBC3521E12}.Blender 3.1.1|Any CPU.Build.0 = Blender 3.1.1|Any CPU
		{7125B3EA-9B9A-4C29-9BB1-F7CBC3521E12}.Blender 3.1.1|x64.ActiveCfg = Blender 3.1.1|Any CPU
		{7125B3EA-9B9A-4C29-9BB1-F7CBC3521E12}.Blender 3.1.1|x64.Build.0 = Blender 3.1.1|Any CPU
		{7125B3EA-9B9A-4C29-9BB1-F7CBC3521E12}.Blender 3.1.1|x86.ActiveCfg = Blender 3.1.1|Any CPU
		{7125B3EA-9B9A-4C29-9BB1-F7CBC3521E12}.Blender 3.1.1|x86.Build.0 = Blender 3.1.1|Any CPU
		{7125B3EA-9B9A-4C29-9BB1-F7CBC3521E12}.Blender 3.1.2|Any CPU.ActiveCfg = Blender 3.1.2|Any CPU
		{7125B3EA-9B9A-4C29-9BB1-F7CBC3521E12}.Blender 3.1.2|Any CPU.Build.0 = Blender 3.1.2|Any CPU
		{7125B3EA-9B9A-4C29-9BB1-F7CBC3521E12}.Blender 3.1.2|x64.ActiveCfg = Blender 3.1.2|Any CPU
		{7125B3EA-9B9A-4C29-9BB1-F7CBC3521E12}.Blender 3.1.2|x64.Build.0 = Blender 3.1.2|Any CPU
		{7125B3EA-9B9A-4C29-9BB1-F7CBC3521E12}.Blender 3.1.2|x86.ActiveCfg = Blender 3.1.2|Any CPU
		{7125B3EA-9B9A-4C29-9BB1-F7CBC3521E12}.Blender 3.1.2|x86.Build.0 = Blender 3.1.2|Any CPU
		{7125B3EA-9B9A-4C29-9BB1-F7CBC3521E12}.Blender 3.2.0|Any CPU.ActiveCfg = Blender 3.2.0|Any CPU
		{7125B3EA-9B9A-4C29-9BB1-F7CBC3521E12}.Blender 3.2.0|Any CPU.Build.0 = Blender 3.2.0|Any CPU
		{7125B3EA-9B9A-4C29-9BB1-F7CBC3521E12}.Blender 3.2.0|x64.ActiveCfg = Blender 3.2.0|Any CPU
		{7125B3EA-9B9A-4C29-9BB1-F7CBC3521E12}.Blender 3.2.0|x64.Build.0 = Blender 3.2.0|Any CPU
		{7125B3EA-9B9A-4C29-9BB1-F7CBC3521E12}.Blender 3.2.0|x86.ActiveCfg = Blender 3.2.0|Any CPU
		{7125B3EA-9B9A-4C29-9BB1-F7CBC3521E12}.Blender 3.2.0|x86.Build.0 = Blender 3.2.0|Any CPU
		{7125B3EA-9B9A-4C29-9BB1-F7CBC3521E12}.Debug|Any CPU.ActiveCfg = Debug|Any CPU
		{7125B3EA-9B9A-4C29-9BB1-F7CBC3521E12}.Debug|Any CPU.Build.0 = Debug|Any CPU
		{7125B3EA-9B9A-4C29-9BB1-F7CBC3521E12}.Debug|x64.ActiveCfg = Debug|Any CPU
		{7125B3EA-9B9A-4C29-9BB1-F7CBC3521E12}.Debug|x64.Build.0 = Debug|Any CPU
		{7125B3EA-9B9A-4C29-9BB1-F7CBC3521E12}.Debug|x86.ActiveCfg = Debug|Any CPU
		{7125B3EA-9B9A-4C29-9BB1-F7CBC3521E12}.Debug|x86.Build.0 = Debug|Any CPU
		{7125B3EA-9B9A-4C29-9BB1-F7CBC3521E12}.Release|Any CPU.ActiveCfg = Release|Any CPU
		{7125B3EA-9B9A-4C29-9BB1-F7CBC3521E12}.Release|Any CPU.Build.0 = Release|Any CPU
		{7125B3EA-9B9A-4C29-9BB1-F7CBC3521E12}.Release|x64.ActiveCfg = Release|Any CPU
		{7125B3EA-9B9A-4C29-9BB1-F7CBC3521E12}.Release|x64.Build.0 = Release|Any CPU
		{7125B3EA-9B9A-4C29-9BB1-F7CBC3521E12}.Release|x86.ActiveCfg = Release|Any CPU
		{7125B3EA-9B9A-4C29-9BB1-F7CBC3521E12}.Release|x86.Build.0 = Release|Any CPU
		{A6BA58BB-F0A2-4DBC-B0D1-7A489EF38DB3}.Blender 3.1.0|Any CPU.ActiveCfg = Blender 3.1.0|Any CPU
		{A6BA58BB-F0A2-4DBC-B0D1-7A489EF38DB3}.Blender 3.1.0|Any CPU.Build.0 = Blender 3.1.0|Any CPU
		{A6BA58BB-F0A2-4DBC-B0D1-7A489EF38DB3}.Blender 3.1.0|x64.ActiveCfg = Blender 3.1.0|Any CPU
		{A6BA58BB-F0A2-4DBC-B0D1-7A489EF38DB3}.Blender 3.1.0|x64.Build.0 = Blender 3.1.0|Any CPU
		{A6BA58BB-F0A2-4DBC-B0D1-7A489EF38DB3}.Blender 3.1.0|x86.ActiveCfg = Blender 3.1.0|Any CPU
		{A6BA58BB-F0A2-4DBC-B0D1-7A489EF38DB3}.Blender 3.1.0|x86.Build.0 = Blender 3.1.0|Any CPU
		{A6BA58BB-F0A2-4DBC-B0D1-7A489EF38DB3}.Blender 3.1.1|Any CPU.ActiveCfg = Blender 3.1.1|Any CPU
		{A6BA58BB-F0A2-4DBC-B0D1-7A489EF38DB3}.Blender 3.1.1|Any CPU.Build.0 = Blender 3.1.1|Any CPU
		{A6BA58BB-F0A2-4DBC-B0D1-7A489EF38DB3}.Blender 3.1.1|x64.ActiveCfg = Blender 3.1.1|Any CPU
		{A6BA58BB-F0A2-4DBC-B0D1-7A489EF38DB3}.Blender 3.1.1|x64.Build.0 = Blender 3.1.1|Any CPU
		{A6BA58BB-F0A2-4DBC-B0D1-7A489EF38DB3}.Blender 3.1.1|x86.ActiveCfg = Blender 3.1.1|Any CPU
		{A6BA58BB-F0A2-4DBC-B0D1-7A489EF38DB3}.Blender 3.1.1|x86.Build.0 = Blender 3.1.1|Any CPU
		{A6BA58BB-F0A2-4DBC-B0D1-7A489EF38DB3}.Blender 3.1.2|Any CPU.ActiveCfg = Blender 3.1.2|Any CPU
		{A6BA58BB-F0A2-4DBC-B0D1-7A489EF38DB3}.Blender 3.1.2|Any CPU.Build.0 = Blender 3.1.2|Any CPU
		{A6BA58BB-F0A2-4DBC-B0D1-7A489EF38DB3}.Blender 3.1.2|x64.ActiveCfg = Blender 3.1.2|Any CPU
		{A6BA58BB-F0A2-4DBC-B0D1-7A489EF38DB3}.Blender 3.1.2|x64.Build.0 = Blender 3.1.2|Any CPU
		{A6BA58BB-F0A2-4DBC-B0D1-7A489EF38DB3}.Blender 3.1.2|x86.ActiveCfg = Blender 3.1.2|Any CPU
		{A6BA58BB-F0A2-4DBC-B0D1-7A489EF38DB3}.Blender 3.1.2|x86.Build.0 = Blender 3.1.2|Any CPU
		{A6BA58BB-F0A2-4DBC-B0D1-7A489EF38DB3}.Blender 3.2.0|Any CPU.ActiveCfg = Blender 3.2.0|Any CPU
		{A6BA58BB-F0A2-4DBC-B0D1-7A489EF38DB3}.Blender 3.2.0|Any CPU.Build.0 = Blender 3.2.0|Any CPU
		{A6BA58BB-F0A2-4DBC-B0D1-7A489EF38DB3}.Blender 3.2.0|x64.ActiveCfg = Blender 3.2.0|Any CPU
		{A6BA58BB-F0A2-4DBC-B0D1-7A489EF38DB3}.Blender 3.2.0|x64.Build.0 = Blender 3.2.0|Any CPU
		{A6BA58BB-F0A2-4DBC-B0D1-7A489EF38DB3}.Blender 3.2.0|x86.ActiveCfg = Blender 3.2.0|Any CPU
		{A6BA58BB-F0A2-4DBC-B0D1-7A489EF38DB3}.Blender 3.2.0|x86.Build.0 = Blender 3.2.0|Any CPU
		{A6BA58BB-F0A2-4DBC-B0D1-7A489EF38DB3}.Debug|Any CPU.ActiveCfg = Debug|Any CPU
		{A6BA58BB-F0A2-4DBC-B0D1-7A489EF38DB3}.Debug|Any CPU.Build.0 = Debug|Any CPU
		{A6BA58BB-F0A2-4DBC-B0D1-7A489EF38DB3}.Debug|x64.ActiveCfg = Debug|Any CPU
		{A6BA58BB-F0A2-4DBC-B0D1-7A489EF38DB3}.Debug|x64.Build.0 = Debug|Any CPU
		{A6BA58BB-F0A2-4DBC-B0D1-7A489EF38DB3}.Debug|x86.ActiveCfg = Debug|Any CPU
		{A6BA58BB-F0A2-4DBC-B0D1-7A489EF38DB3}.Debug|x86.Build.0 = Debug|Any CPU
		{A6BA58BB-F0A2-4DBC-B0D1-7A489EF38DB3}.Release|Any CPU.ActiveCfg = Release|Any CPU
		{A6BA58BB-F0A2-4DBC-B0D1-7A489EF38DB3}.Release|Any CPU.Build.0 = Release|Any CPU
		{A6BA58BB-F0A2-4DBC-B0D1-7A489EF38DB3}.Release|x64.ActiveCfg = Release|Any CPU
		{A6BA58BB-F0A2-4DBC-B0D1-7A489EF38DB3}.Release|x64.Build.0 = Release|Any CPU
		{A6BA58BB-F0A2-4DBC-B0D1-7A489EF38DB3}.Release|x86.ActiveCfg = Release|Any CPU
		{A6BA58BB-F0A2-4DBC-B0D1-7A489EF38DB3}.Release|x86.Build.0 = Release|Any CPU
	EndGlobalSection
	GlobalSection(SolutionProperties) = preSolution
		HideSolutionNode = FALSE
	EndGlobalSection
	GlobalSection(ExtensibilityGlobals) = postSolution
		SolutionGuid = {0A0278FA-1981-4E6F-9A3B-688BC243849F}
	EndGlobalSection
EndGlobal
